
Microsoft Visual Studio Solution File, Format Version 12.00
# Visual Studio Version 17
VisualStudioVersion = 17.14.36109.1 d17.14
MinimumVisualStudioVersion = 10.0.40219.1
Project("{FAE04EC0-301F-11D3-BF4B-00C04F79EFBC}") = "ImagenVisible", "ImagenVisible\ImagenVisible.csproj", "{291485D6-214A-49C7-9499-6490F09F73EE}"
EndProject
Global
	GlobalSection(SolutionConfigurationPlatforms) = preSolution
		Debug|Any CPU = Debug|Any CPU
		Release|Any CPU = Release|Any CPU
	EndGlobalSection
	GlobalSection(ProjectConfigurationPlatforms) = postSolution
		{291485D6-214A-49C7-9499-6490F09F73EE}.Debug|Any CPU.ActiveCfg = Debug|Any CPU
		{291485D6-214A-49C7-9499-6490F09F73EE}.Debug|Any CPU.Build.0 = Debug|Any CPU
		{291485D6-214A-49C7-9499-6490F09F73EE}.Release|Any CPU.ActiveCfg = Release|Any CPU
		{291485D6-214A-49C7-9499-6490F09F73EE}.Release|Any CPU.Build.0 = Release|Any CPU
	EndGlobalSection
	GlobalSection(SolutionProperties) = preSolution
		HideSolutionNode = FALSE
	EndGlobalSection
	GlobalSection(ExtensibilityGlobals) = postSolution
		SolutionGuid = {82F695DB-D186-4E69-8F38-2A97734D8883}
	EndGlobalSection
EndGlobal
